github.com/barbosaigor/graphll v0.0.0-20191219112449-78d1fce03dd1 h1:tqGbczx8f3AaYUvHKkZcqJLnPgQBiR6HEnuKjshdz5c=
github.com/barbosaigor/graphll v0.0.0-20191219112449-78d1fce03dd1/go.mod h1:3xC0PSMTMFF8EOlCHbYLhTZsx9EBgK1QiHfzDFFFCMA=
github.com/barbosaigor/picker v0.0.0-20200103110418-bfb68aa0d9e0 h1:rRuiaruJDhnd+ABOB9gRsZ7jp3DZh5GJvoy9MRx5tN8=
github.com/barbosaigor/picker v0.0.0-20200103110418-bfb68aa0d9e0/go.mod h1:lQIga6QhyNJbPpDze9O7r512BGqYZzoKmn5DSm3TifY=
