github.com/barbosaigor/graphll v0.0.0-20200502185154-98c1b5da31ee h1:XQLrHpkHLcqYPOeCfaFqfLndM+yt1aN01xin64XLfMc=
github.com/barbosaigor/graphll v0.0.0-20200502185154-98c1b5da31ee/go.mod h1:3xC0PSMTMFF8EOlCHbYLhTZsx9EBgK1QiHfzDFFFCMA=
github.com/barbosaigor/picker v0.0.0-20200502192917-eef69d18a96d h1:bYoGD0gH/XH8sOUoMj9NiKfgyLGRAdOYICDk4wl2qWY=
github.com/barbosaigor/picker v0.0.0-20200502192917-eef69d18a96d/go.mod h1:lQIga6QhyNJbPpDze9O7r512BGqYZzoKmn5DSm3TifY=
